// !$*UTF8*$!
{
	archiveVersion = 1;
	classes = {
	};
	objectVersion = 46;
	objects = {

/* Begin PBXBuildFile section */
		CCEFFEEB1ED548D100CE6B33 /* main.m in Sources */ = {isa = PBXBuildFile; fileRef = CCEFFEEA1ED548D100CE6B33 /* main.m */; };
		CCEFFEEE1ED548D100CE6B33 /* AppDelegate.m in Sources */ = {isa = PBXBuildFile; fileRef = CCEFFEED1ED548D100CE6B33 /* AppDelegate.m */; };
		CCEFFEF11ED548D100CE6B33 /* ViewController.m in Sources */ = {isa = PBXBuildFile; fileRef = CCEFFEF01ED548D100CE6B33 /* ViewController.m */; };
		CCEFFEF41ED548D100CE6B33 /* Main.storyboard in Resources */ = {isa = PBXBuildFile; fileRef = CCEFFEF21ED548D100CE6B33 /* Main.storyboard */; };
		CCEFFEF61ED548D100CE6B33 /* Assets.xcassets in Resources */ = {isa = PBXBuildFile; fileRef = CCEFFEF51ED548D100CE6B33 /* Assets.xcassets */; };
		CCEFFEF91ED548D100CE6B33 /* LaunchScreen.storyboard in Resources */ = {isa = PBXBuildFile; fileRef = CCEFFEF71ED548D100CE6B33 /* LaunchScreen.storyboard */; };
/* End PBXBuildFile section */

/* Begin PBXFileReference section */
		CCEFFEE61ED548D100CE6B33 /* TwoStackOneQueue.app */ = {isa = PBXFileReference; explicitFileType = wrapper.application; includeInIndex = 0; path = TwoStackOneQueue.app; sourceTree = BUILT_PRODUCTS_DIR; };
		CCEFFEEA1ED548D100CE6B33 /* main.m */ = {isa = PBXFileReference; lastKnownFileType = sourcecode.c.objc; path = main.m; sourceTree = "<group>"; };
		CCEFFEEC1ED548D100CE6B33 /* AppDelegate.h */ = {isa = PBXFileReference; lastKnownFileType = sourcecode.c.h; path = AppDelegate.h; sourceTree = "<group>"; };
		CCEFFEED1ED548D100CE6B33 /* AppDelegate.m */ = {isa = PBXFileReference; lastKnownFileType = sourcecode.c.objc; path = AppDelegate.m; sourceTree = "<group>"; };
		CCEFFEEF1ED548D100CE6B33 /* ViewController.h */ = {isa = PBXFileReference; lastKnownFileType = sourcecode.c.h; path = ViewController.h; sourceTree = "<group>"; };
		CCEFFEF01ED548D100CE6B33 /* ViewController.m */ = {isa = PBXFileReference; lastKnownFileType = sourcecode.c.objc; path = ViewController.m; sourceTree = "<group>"; };
		CCEFFEF31ED548D100CE6B33 /* Base */ = {isa = PBXFileReference; lastKnownFileType = file.storyboard; name = Base; path = Base.lproj/Main.storyboard; sourceTree = "<group>"; };
		CCEFFEF51ED548D100CE6B33 /* Assets.xcassets */ = {isa = PBXFileReference; lastKnownFileType = folder.assetcatalog; path = Assets.xcassets; sourceTree = "<group>"; };
		CCEFFEF81ED548D100CE6B33 /* Base */ = {isa = PBXFileReference; lastKnownFileType = file.storyboard; name = Base; path = Base.lproj/LaunchScreen.storyboard; sourceTree = "<group>"; };
		CCEFFEFA1ED548D100CE6B33 /* Info.plist */ = {isa = PBXFileReference; lastKnownFileType = text.plist.xml; path = Info.plist; sourceTree = "<group>"; };
/* End PBXFileReference section */

/* Begin PBXFrameworksBuildPhase section */
		CCEFFEE31ED548D100CE6B33 /* Frameworks */ = {
			isa = PBXFrameworksBuildPhase;
			buildActionMask = 2147483647;
			files = (
			);
			runOnlyForDeploymentPostprocessing = 0;
		};
/* End PBXFrameworksBuildPhase section */

/* Begin PBXGroup section */
		CCEFFEDD1ED548D100CE6B33 = {
			isa = PBXGroup;
			children = (
				CCEFFEE81ED548D100CE6B33 /* TwoStackOneQueue */,
				CCEFFEE71ED548D100CE6B33 /* Products */,
			);
			sourceTree = "<group>";
		};
		CCEFFEE71ED548D100CE6B33 /* Products */ = {
			isa = PBXGroup;
			children = (
				CCEFFEE61ED548D100CE6B33 /* TwoStackOneQueue.app */,
			);
			name = Products;
			sourceTree = "<group>";
		};
		CCEFFEE81ED548D100CE6B33 /* TwoStackOneQueue */ = {
			isa = PBXGroup;
			children = (
				CCEFFEEC1ED548D100CE6B33 /* AppDelegate.h */,
				CCEFFEED1ED548D100CE6B33 /* AppDelegate.m */,
				CCEFFEEF1ED548D100CE6B33 /* ViewController.h */,
				CCEFFEF01ED548D100CE6B33 /* ViewController.m */,
				CCEFFEF21ED548D100CE6B33 /* Main.storyboard */,
				CCEFFEF51ED548D100CE6B33 /* Assets.xcassets */,
				CCEFFEF71ED548D100CE6B33 /* LaunchScreen.storyboard */,
				CCEFFEFA1ED548D100CE6B33 /* Info.plist */,
				CCEFFEE91ED548D100CE6B33 /* Supporting Files */,
			);
			path = TwoStackOneQueue;
			sourceTree = "<group>";
		};
		CCEFFEE91ED548D100CE6B33 /* Supporting Files */ = {
			isa = PBXGroup;
			children = (
				CCEFFEEA1ED548D100CE6B33 /* main.m */,
			);
			name = "Supporting Files";
			sourceTree = "<group>";
		};
/* End PBXGroup section */

/* Begin PBXNativeTarget section */
		CCEFFEE51ED548D100CE6B33 /* TwoStackOneQueue */ = {
			isa = PBXNativeTarget;
			buildConfigurationList = CCEFFEFD1ED548D100CE6B33 /* Build configuration list for PBXNativeTarget "TwoStackOneQueue" */;
			buildPhases = (
				CCEFFEE21ED548D100CE6B33 /* Sources */,
				CCEFFEE31ED548D100CE6B33 /* Frameworks */,
				CCEFFEE41ED548D100CE6B33 /* Resources */,
			);
			buildRules = (
			);
			dependencies = (
			);
			name = TwoStackOneQueue;
			productName = TwoStackOneQueue;
			productReference = CCEFFEE61ED548D100CE6B33 /* TwoStackOneQueue.app */;
			productType = "com.apple.product-type.application";
		};
/* End PBXNativeTarget section */

/* Begin PBXProject section */
		CCEFFEDE1ED548D100CE6B33 /* Project object */ = {
			isa = PBXProject;
			attributes = {
				LastUpgradeCheck = 0830;
				ORGANIZATIONNAME = "Prashant Humney";
				TargetAttributes = {
					CCEFFEE51ED548D100CE6B33 = {
						CreatedOnToolsVersion = 8.3.2;
						ProvisioningStyle = Automatic;
					};
				};
			};
			buildConfigurationList = CCEFFEE11ED548D100CE6B33 /* Build configuration list for PBXProject "TwoStackOneQueue" */;
			compatibilityVersion = "Xcode 3.2";
			developmentRegion = English;
			hasScannedForEncodings = 0;
			knownRegions = (
				en,
				Base,
			);
			mainGroup = CCEFFEDD1ED548D100CE6B33;
			productRefGroup = CCEFFEE71ED548D100CE6B33 /* Products */;
			projectDirPath = "";
			projectRoot = "";
			targets = (
				CCEFFEE51ED548D100CE6B33 /* TwoStackOneQueue */,
			);
		};
/* End PBXProject section */

/* Begin PBXResourcesBuildPhase section */
		CCEFFEE41ED548D100CE6B33 /* Resources */ = {
			isa = PBXResourcesBuildPhase;
			buildActionMask = 2147483647;
			files = (
				CCEFFEF91ED548D100CE6B33 /* LaunchScreen.storyboard in Resources */,
				CCEFFEF61ED548D100CE6B33 /* Assets.xcassets in Resources */,
				CCEFFEF41ED548D100CE6B33 /* Main.storyboard in Resources */,
			);
			runOnlyForDeploymentPostprocessing = 0;
		};
/* End PBXResourcesBuildPhase section */

/* Begin PBXSourcesBuildPhase section */
		CCEFFEE21ED548D100CE6B33 /* Sources */ = {
			isa = PBXSourcesBuildPhase;
			buildActionMask = 2147483647;
			files = (
				CCEFFEF11ED548D100CE6B33 /* ViewController.m in Sources */,
				CCEFFEEE1ED548D100CE6B33 /* AppDelegate.m in Sources */,
				CCEFFEEB1ED548D100CE6B33 /* main.m in Sources */,
			);
			runOnlyForDeploymentPostprocessing = 0;
		};
/* End PBXSourcesBuildPhase section */

/* Begin PBXVariantGroup section */
		CCEFFEF21ED548D100CE6B33 /* Main.storyboard */ = {
			isa = PBXVariantGroup;
			children = (
				CCEFFEF31ED548D100CE6B33 /* Base */,
			);
			name = Main.storyboard;
			sourceTree = "<group>";
		};
		CCEFFEF71ED548D100CE6B33 /* LaunchScreen.storyboard */ = {
			isa = PBXVariantGroup;
			children = (
				CCEFFEF81ED548D100CE6B33 /* Base */,
			);
			name = LaunchScreen.storyboard;
			sourceTree = "<group>";
		};
/* End PBXVariantGroup section */

/* Begin XCBuildConfiguration section */
		CCEFFEFB1ED548D100CE6B33 /* Debug */ = {
			isa = XCBuildConfiguration;
			buildSettings = {
				ALWAYS_SEARCH_USER_PATHS = NO;
				CLANG_ANALYZER_NONNULL = YES;
				CLANG_ANALYZER_NUMBER_OBJECT_CONVERSION = YES_AGGRESSIVE;
				CLANG_CXX_LANGUAGE_STANDARD = "gnu++0x";
				CLANG_CXX_LIBRARY = "libc++";
				CLANG_ENABLE_MODULES = YES;
				CLANG_ENABLE_OBJC_ARC = YES;
				CLANG_WARN_BOOL_CONVERSION = YES;
				CLANG_WARN_CONSTANT_CONVERSION = YES;
				CLANG_WARN_DIRECT_OBJC_ISA_USAGE = YES_ERROR;
				CLANG_WARN_DOCUMENTATION_COMMENTS = YES;
				CLANG_WARN_EMPTY_BODY = YES;
				CLANG_WARN_ENUM_CONVERSION = YES;
				CLANG_WARN_INFINITE_RECURSION = YES;
				CLANG_WARN_INT_CONVERSION = YES;
				CLANG_WARN_OBJC_ROOT_CLASS = YES_ERROR;
				CLANG_WARN_SUSPICIOUS_MOVE = YES;
				CLANG_WARN_UNREACHABLE_CODE = YES;
				CLANG_WARN__DUPLICATE_METHOD_MATCH = YES;
				"CODE_SIGN_IDENTITY[sdk=iphoneos*]" = "iPhone Developer";
				COPY_PHASE_STRIP = NO;
				DEBUG_INFORMATION_FORMAT = dwarf;
				ENABLE_STRICT_OBJC_MSGSEND = YES;
				ENABLE_TESTABILITY = YES;
				GCC_C_LANGUAGE_STANDARD = gnu99;
				GCC_DYNAMIC_NO_PIC = NO;
				GCC_NO_COMMON_BLOCKS = YES;
				GCC_OPTIMIZATION_LEVEL = 0;
				GCC_PREPROCESSOR_DEFINITIONS = (
					"DEBUG=1",
					"$(inherited)",
				);
				GCC_WARN_64_TO_32_BIT_CONVERSION = YES;
				GCC_WARN_ABOUT_RETURN_TYPE = YES_ERROR;
				GCC_WARN_UNDECLARED_SELECTOR = YES;
				GCC_WARN_UNINITIALIZED_AUTOS = YES_AGGRESSIVE;
				GCC_WARN_UNUSED_FUNCTION = YES;
				GCC_WARN_UNUSED_VARIABLE = YES;
				IPHONEOS_DEPLOYMENT_TARGET = 10.3;
				MTL_ENABLE_DEBUG_INFO = YES;
				ONLY_ACTIVE_ARCH = YES;
				SDKROOT = iphoneos;
				TARGETED_DEVICE_FAMILY = "1,2";
			};
			name = Debug;
		};
		CCEFFEFC1ED548D100CE6B33 /* Release */ = {
			isa = XCBuildConfiguration;
			buildSettings = {
				ALWAYS_SEARCH_USER_PATHS = NO;
				CLANG_ANALYZER_NONNULL = YES;
				CLANG_ANALYZER_NUMBER_OBJECT_CONVERSION = YES_AGGRESSIVE;
				CLANG_CXX_LANGUAGE_STANDARD = "gnu++0x";
				CLANG_CXX_LIBRARY = "libc++";
				CLANG_ENABLE_MODULES = YES;
				CLANG_ENABLE_OBJC_ARC = YES;
				CLANG_WARN_BOOL_CONVERSION = YES;
				CLANG_WARN_CONSTANT_CONVERSION = YES;
				CLANG_WARN_DIRECT_OBJC_ISA_USAGE = YES_ERROR;
				CLANG_WARN_DOCUMENTATION_COMMENTS = YES;
				CLANG_WARN_EMPTY_BODY = YES;
				CLANG_WARN_ENUM_CONVERSION = YES;
				CLANG_WARN_INFINITE_RECURSION = YES;
				CLANG_WARN_INT_CONVERSION = YES;
				CLANG_WARN_OBJC_ROOT_CLASS = YES_ERROR;
				CLANG_WARN_SUSPICIOUS_MOVE = YES;
				CLANG_WARN_UNREACHABLE_CODE = YES;
				CLANG_WARN__DUPLICATE_METHOD_MATCH = YES;
				"CODE_SIGN_IDENTITY[sdk=iphoneos*]" = "iPhone Developer";
				COPY_PHASE_STRIP = NO;
				DEBUG_INFORMATION_FORMAT = "dwarf-with-dsym";
				ENABLE_NS_ASSERTIONS = NO;
				ENABLE_STRICT_OBJC_MSGSEND = YES;
				GCC_C_LANGUAGE_STANDARD = gnu99;
				GCC_NO_COMMON_BLOCKS = YES;
				GCC_WARN_64_TO_32_BIT_CONVERSION = YES;
				GCC_WARN_ABOUT_RETURN_TYPE = YES_ERROR;
				GCC_WARN_UNDECLARED_SELECTOR = YES;
				GCC_WARN_UNINITIALIZED_AUTOS = YES_AGGRESSIVE;
				GCC_WARN_UNUSED_FUNCTION = YES;
				GCC_WARN_UNUSED_VARIABLE = YES;
				IPHONEOS_DEPLOYMENT_TARGET = 10.3;
				MTL_ENABLE_DEBUG_INFO = NO;
				SDKROOT = iphoneos;
				TARGETED_DEVICE_FAMILY = "1,2";
				VALIDATE_PRODUCT = YES;
			};
			name = Release;
		};
		CCEFFEFE1ED548D100CE6B33 /* Debug */ = {
			isa = XCBuildConfiguration;
			buildSettings = {
				ASSETCATALOG_COMPILER_APPICON_NAME = AppIcon;
				INFOPLIST_FILE = TwoStackOneQueue/Info.plist;
				LD_RUNPATH_SEARCH_PATHS = "$(inherited) @executable_path/Frameworks";
				PRODUCT_BUNDLE_IDENTIFIER = com.prashanthumney.TwoStackOneQueue;
				PRODUCT_NAME = "$(TARGET_NAME)";
			};
			name = Debug;
		};
		CCEFFEFF1ED548D100CE6B33 /* Release */ = {
			isa = XCBuildConfiguration;
			buildSettings = {
				ASSETCATALOG_COMPILER_APPICON_NAME = AppIcon;
				INFOPLIST_FILE = TwoStackOneQueue/Info.plist;
				LD_RUNPATH_SEARCH_PATHS = "$(inherited) @executable_path/Frameworks";
				PRODUCT_BUNDLE_IDENTIFIER = com.prashanthumney.TwoStackOneQueue;
				PRODUCT_NAME = "$(TARGET_NAME)";
			};
			name = Release;
		};
/* End XCBuildConfiguration section */

/* Begin XCConfigurationList section */
		CCEFFEE11ED548D100CE6B33 /* Build configuration list for PBXProject "TwoStackOneQueue" */ = {
			isa = XCConfigurationList;
			buildConfigurations = (
				CCEFFEFB1ED548D100CE6B33 /* Debug */,
				CCEFFEFC1ED548D100CE6B33 /* Release */,
			);
			defaultConfigurationIsVisible = 0;
			defaultConfigurationName = Release;
		};
		CCEFFEFD1ED548D100CE6B33 /* Build configuration list for PBXNativeTarget "TwoStackOneQueue" */ = {
			isa = XCConfigurationList;
			buildConfigurations = (
				CCEFFEFE1ED548D100CE6B33 /* Debug */,
				CCEFFEFF1ED548D100CE6B33 /* Release */,
			);
			defaultConfigurationIsVisible = 0;
		};
/* End XCConfigurationList section */
	};
	rootObject = CCEFFEDE1ED548D100CE6B33 /* Project object */;
}
